// !$*UTF8*$!
{
	archiveVersion = 1;
	classes = {
	};
	objectVersion = 46;
	objects = {

/* Begin PBXBuildFile section */
		467EA9811C87FC2E0020DFBB /* AppDelegate.swift in Sources */ = {isa = PBXBuildFile; fileRef = 467EA9801C87FC2E0020DFBB /* AppDelegate.swift */; };
		467EA9831C87FC2E0020DFBB /* LockViewController.swift in Sources */ = {isa = PBXBuildFile; fileRef = 467EA9821C87FC2E0020DFBB /* LockViewController.swift */; };
		467EA9861C87FC2E0020DFBB /* Main.storyboard in Resources */ = {isa = PBXBuildFile; fileRef = 467EA9841C87FC2E0020DFBB /* Main.storyboard */; };
		467EA9881C87FC2F0020DFBB /* Assets.xcassets in Resources */ = {isa = PBXBuildFile; fileRef = 467EA9871C87FC2F0020DFBB /* Assets.xcassets */; };
		467EA98B1C87FC2F0020DFBB /* LaunchScreen.storyboard in Resources */ = {isa = PBXBuildFile; fileRef = 467EA9891C87FC2F0020DFBB /* LaunchScreen.storyboard */; };
/* End PBXBuildFile section */

/* Begin PBXFileReference section */
		467EA97D1C87FC2E0020DFBB /* LockScreenAnimation.app */ = {isa = PBXFileReference; explicitFileType = wrapper.application; includeInIndex = 0; path = LockScreenAnimation.app; sourceTree = BUILT_PRODUCTS_DIR; };
		467EA9801C87FC2E0020DFBB /* AppDelegate.swift */ = {isa = PBXFileReference; lastKnownFileType = sourcecode.swift; path = AppDelegate.swift; sourceTree = "<group>"; };
		467EA9821C87FC2E0020DFBB /* LockViewController.swift */ = {isa = PBXFileReference; lastKnownFileType = sourcecode.swift; path = LockViewController.swift; sourceTree = "<group>"; };
		467EA9851C87FC2E0020DFBB /* Base */ = {isa = PBXFileReference; lastKnownFileType = file.storyboard; name = Base; path = Base.lproj/Main.storyboard; sourceTree = "<group>"; };
		467EA9871C87FC2F0020DFBB /* Assets.xcassets */ = {isa = PBXFileReference; lastKnownFileType = folder.assetcatalog; path = Assets.xcassets; sourceTree = "<group>"; };
		467EA98A1C87FC2F0020DFBB /* Base */ = {isa = PBXFileReference; lastKnownFileType = file.storyboard; name = Base; path = Base.lproj/LaunchScreen.storyboard; sourceTree = "<group>"; };
		467EA98C1C87FC2F0020DFBB /* Info.plist */ = {isa = PBXFileReference; lastKnownFileType = text.plist.xml; path = Info.plist; sourceTree = "<group>"; };
/* End PBXFileReference section */

/* Begin PBXFrameworksBuildPhase section */
		467EA97A1C87FC2E0020DFBB /* Frameworks */ = {
			isa = PBXFrameworksBuildPhase;
			buildActionMask = 2147483647;
			files = (
			);
			runOnlyForDeploymentPostprocessing = 0;
		};
/* End PBXFrameworksBuildPhase section */

/* Begin PBXGroup section */
		4618D54B1CD1755300B4E4C8 /* Controllers */ = {
			isa = PBXGroup;
			children = (
				467EA9821C87FC2E0020DFBB /* LockViewController.swift */,
			);
			name = Controllers;
			sourceTree = "<group>";
		};
		4618D54C1CD1755B00B4E4C8 /* Supporting Files */ = {
			isa = PBXGroup;
			children = (
				467EA9871C87FC2F0020DFBB /* Assets.xcassets */,
				467EA98C1C87FC2F0020DFBB /* Info.plist */,
			);
			name = "Supporting Files";
			sourceTree = "<group>";
		};
		467EA9741C87FC2E0020DFBB = {
			isa = PBXGroup;
			children = (
				467EA97F1C87FC2E0020DFBB /* LockScreenAnimation */,
				467EA97E1C87FC2E0020DFBB /* Products */,
			);
			sourceTree = "<group>";
		};
		467EA97E1C87FC2E0020DFBB /* Products */ = {
			isa = PBXGroup;
			children = (
				467EA97D1C87FC2E0020DFBB /* LockScreenAnimation.app */,
			);
			name = Products;
			sourceTree = "<group>";
		};
		467EA97F1C87FC2E0020DFBB /* LockScreenAnimation */ = {
			isa = PBXGroup;
			children = (
				467EA9841C87FC2E0020DFBB /* Main.storyboard */,
				467EA9891C87FC2F0020DFBB /* LaunchScreen.storyboard */,
				467EA9801C87FC2E0020DFBB /* AppDelegate.swift */,
				4618D54B1CD1755300B4E4C8 /* Controllers */,
				4618D54C1CD1755B00B4E4C8 /* Supporting Files */,
			);
			path = LockScreenAnimation;
			sourceTree = "<group>";
		};
/* End PBXGroup section */

/* Begin PBXNativeTarget section */
		467EA97C1C87FC2E0020DFBB /* LockScreenAnimation */ = {
			isa = PBXNativeTarget;
			buildConfigurationList = 467EA98F1C87FC2F0020DFBB /* Build configuration list for PBXNativeTarget "LockScreenAnimation" */;
			buildPhases = (
				467EA9791C87FC2E0020DFBB /* Sources */,
				467EA97A1C87FC2E0020DFBB /* Frameworks */,
				467EA97B1C87FC2E0020DFBB /* Resources */,
			);
			buildRules = (
			);
			dependencies = (
			);
			name = LockScreenAnimation;
			productName = LockScreen;
			productReference = 467EA97D1C87FC2E0020DFBB /* LockScreenAnimation.app */;
			productType = "com.apple.product-type.application";
		};
/* End PBXNativeTarget section */

/* Begin PBXProject section */
		467EA9751C87FC2E0020DFBB /* Project object */ = {
			isa = PBXProject;
			attributes = {
				LastSwiftUpdateCheck = 0720;
				LastUpgradeCheck = 0720;
				ORGANIZATIONNAME = "Larry Natalicio";
				TargetAttributes = {
					467EA97C1C87FC2E0020DFBB = {
						CreatedOnToolsVersion = 7.2.1;
						LastSwiftMigration = 0810;
					};
				};
			};
			buildConfigurationList = 467EA9781C87FC2E0020DFBB /* Build configuration list for PBXProject "LockScreenAnimation" */;
			compatibilityVersion = "Xcode 3.2";
			developmentRegion = English;
			hasScannedForEncodings = 0;
			knownRegions = (
				en,
				Base,
			);
			mainGroup = 467EA9741C87FC2E0020DFBB;
			productRefGroup = 467EA97E1C87FC2E0020DFBB /* Products */;
			projectDirPath = "";
			projectRoot = "";
			targets = (
				467EA97C1C87FC2E0020DFBB /* LockScreenAnimation */,
			);
		};
/* End PBXProject section */

/* Begin PBXResourcesBuildPhase section */
		467EA97B1C87FC2E0020DFBB /* Resources */ = {
			isa = PBXResourcesBuildPhase;
			buildActionMask = 2147483647;
			files = (
				467EA98B1C87FC2F0020DFBB /* LaunchScreen.storyboard in Resources */,
				467EA9881C87FC2F0020DFBB /* Assets.xcassets in Resources */,
				467EA9861C87FC2E0020DFBB /* Main.storyboard in Resources */,
			);
			runOnlyForDeploymentPostprocessing = 0;
		};
/* End PBXResourcesBuildPhase section */

/* Begin PBXSourcesBuildPhase section */
		467EA9791C87FC2E0020DFBB /* Sources */ = {
			isa = PBXSourcesBuildPhase;
			buildActionMask = 2147483647;
			files = (
				467EA9831C87FC2E0020DFBB /* LockViewController.swift in Sources */,
				467EA9811C87FC2E0020DFBB /* AppDelegate.swift in Sources */,
			);
			runOnlyForDeploymentPostprocessing = 0;
		};
/* End PBXSourcesBuildPhase section */

/* Begin PBXVariantGroup section */
		467EA9841C87FC2E0020DFBB /* Main.storyboard */ = {
			isa = PBXVariantGroup;
			children = (
				467EA9851C87FC2E0020DFBB /* Base */,
			);
			name = Main.storyboard;
			sourceTree = "<group>";
		};
		467EA9891C87FC2F0020DFBB /* LaunchScreen.storyboard */ = {
			isa = PBXVariantGroup;
			children = (
				467EA98A1C87FC2F0020DFBB /* Base */,
			);
			name = LaunchScreen.storyboard;
			sourceTree = "<group>";
		};
/* End PBXVariantGroup section */

/* Begin XCBuildConfiguration section */
		467EA98D1C87FC2F0020DFBB /* Debug */ = {
			isa = XCBuildConfiguration;
			buildSettings = {
				ALWAYS_SEARCH_USER_PATHS = NO;
				CLANG_CXX_LANGUAGE_STANDARD = "gnu++0x";
				CLANG_CXX_LIBRARY = "libc++";
				CLANG_ENABLE_MODULES = YES;
				CLANG_ENABLE_OBJC_ARC = YES;
				CLANG_WARN_BOOL_CONVERSION = YES;
				CLANG_WARN_CONSTANT_CONVERSION = YES;
				CLANG_WARN_DIRECT_OBJC_ISA_USAGE = YES_ERROR;
				CLANG_WARN_EMPTY_BODY = YES;
				CLANG_WARN_ENUM_CONVERSION = YES;
				CLANG_WARN_INT_CONVERSION = YES;
				CLANG_WARN_OBJC_ROOT_CLASS = YES_ERROR;
				CLANG_WARN_UNREACHABLE_CODE = YES;
				CLANG_WARN__DUPLICATE_METHOD_MATCH = YES;
				"CODE_SIGN_IDENTITY[sdk=iphoneos*]" = "iPhone Developer";
				COPY_PHASE_STRIP = NO;
				DEBUG_INFORMATION_FORMAT = dwarf;
				ENABLE_STRICT_OBJC_MSGSEND = YES;
				ENABLE_TESTABILITY = YES;
				GCC_C_LANGUAGE_STANDARD = gnu99;
				GCC_DYNAMIC_NO_PIC = NO;
				GCC_NO_COMMON_BLOCKS = YES;
				GCC_OPTIMIZATION_LEVEL = 0;
				GCC_PREPROCESSOR_DEFINITIONS = (
					"DEBUG=1",
					"$(inherited)",
				);
				GCC_WARN_64_TO_32_BIT_CONVERSION = YES;
				GCC_WARN_ABOUT_RETURN_TYPE = YES_ERROR;
				GCC_WARN_UNDECLARED_SELECTOR = YES;
				GCC_WARN_UNINITIALIZED_AUTOS = YES_AGGRESSIVE;
				GCC_WARN_UNUSED_FUNCTION = YES;
				GCC_WARN_UNUSED_VARIABLE = YES;
				IPHONEOS_DEPLOYMENT_TARGET = 9.2;
				MTL_ENABLE_DEBUG_INFO = YES;
				ONLY_ACTIVE_ARCH = YES;
				SDKROOT = iphoneos;
				SWIFT_OPTIMIZATION_LEVEL = "-Onone";
				TARGETED_DEVICE_FAMILY = "1,2";
			};
			name = Debug;
		};
		467EA98E1C87FC2F0020DFBB /* Release */ = {
			isa = XCBuildConfiguration;
			buildSettings = {
				ALWAYS_SEARCH_USER_PATHS = NO;
				CLANG_CXX_LANGUAGE_STANDARD = "gnu++0x";
				CLANG_CXX_LIBRARY = "libc++";
				CLANG_ENABLE_MODULES = YES;
				CLANG_ENABLE_OBJC_ARC = YES;
				CLANG_WARN_BOOL_CONVERSION = YES;
				CLANG_WARN_CONSTANT_CONVERSION = YES;
				CLANG_WARN_DIRECT_OBJC_ISA_USAGE = YES_ERROR;
				CLANG_WARN_EMPTY_BODY = YES;
				CLANG_WARN_ENUM_CONVERSION = YES;
				CLANG_WARN_INT_CONVERSION = YES;
				CLANG_WARN_OBJC_ROOT_CLASS = YES_ERROR;
				CLANG_WARN_UNREACHABLE_CODE = YES;
				CLANG_WARN__DUPLICATE_METHOD_MATCH = YES;
				"CODE_SIGN_IDENTITY[sdk=iphoneos*]" = "iPhone Developer";
				COPY_PHASE_STRIP = NO;
				DEBUG_INFORMATION_FORMAT = "dwarf-with-dsym";
				ENABLE_NS_ASSERTIONS = NO;
				ENABLE_STRICT_OBJC_MSGSEND = YES;
				GCC_C_LANGUAGE_STANDARD = gnu99;
				GCC_NO_COMMON_BLOCKS = YES;
				GCC_WARN_64_TO_32_BIT_CONVERSION = YES;
				GCC_WARN_ABOUT_RETURN_TYPE = YES_ERROR;
				GCC_WARN_UNDECLARED_SELECTOR = YES;
				GCC_WARN_UNINITIALIZED_AUTOS = YES_AGGRESSIVE;
				GCC_WARN_UNUSED_FUNCTION = YES;
				GCC_WARN_UNUSED_VARIABLE = YES;
				IPHONEOS_DEPLOYMENT_TARGET = 9.2;
				MTL_ENABLE_DEBUG_INFO = NO;
				SDKROOT = iphoneos;
				TARGETED_DEVICE_FAMILY = "1,2";
				VALIDATE_PRODUCT = YES;
			};
			name = Release;
		};
		467EA9901C87FC2F0020DFBB /* Debug */ = {
			isa = XCBuildConfiguration;
			buildSettings = {
				ASSETCATALOG_COMPILER_APPICON_NAME = AppIcon;
				INFOPLIST_FILE = LockScreenAnimation/Info.plist;
				IPHONEOS_DEPLOYMENT_TARGET = 9.0;
				LD_RUNPATH_SEARCH_PATHS = "$(inherited) @executable_path/Frameworks";
				PRODUCT_BUNDLE_IDENTIFIER = com.BraveNewLogic.LockScreenAnimation;
				PRODUCT_NAME = LockScreenAnimation;
				SWIFT_VERSION = 3.0;
			};
			name = Debug;
		};
		467EA9911C87FC2F0020DFBB /* Release */ = {
			isa = XCBuildConfiguration;
			buildSettings = {
				ASSETCATALOG_COMPILER_APPICON_NAME = AppIcon;
				INFOPLIST_FILE = LockScreenAnimation/Info.plist;
				IPHONEOS_DEPLOYMENT_TARGET = 9.0;
				LD_RUNPATH_SEARCH_PATHS = "$(inherited) @executable_path/Frameworks";
				PRODUCT_BUNDLE_IDENTIFIER = com.BraveNewLogic.LockScreenAnimation;
				PRODUCT_NAME = LockScreenAnimation;
				SWIFT_VERSION = 3.0;
			};
			name = Release;
		};
/* End XCBuildConfiguration section */

/* Begin XCConfigurationList section */
		467EA9781C87FC2E0020DFBB /* Build configuration list for PBXProject "LockScreenAnimation" */ = {
			isa = XCConfigurationList;
			buildConfigurations = (
				467EA98D1C87FC2F0020DFBB /* Debug */,
				467EA98E1C87FC2F0020DFBB /* Release */,
			);
			defaultConfigurationIsVisible = 0;
			defaultConfigurationName = Release;
		};
		467EA98F1C87FC2F0020DFBB /* Build configuration list for PBXNativeTarget "LockScreenAnimation" */ = {
			isa = XCConfigurationList;
			buildConfigurations = (
				467EA9901C87FC2F0020DFBB /* Debug */,
				467EA9911C87FC2F0020DFBB /* Release */,
			);
			defaultConfigurationIsVisible = 0;
			defaultConfigurationName = Release;
		};
/* End XCConfigurationList section */
	};
	rootObject = 467EA9751C87FC2E0020DFBB /* Project object */;
}
