// !$*UTF8*$!
{
	archiveVersion = 1;
	classes = {
	};
	objectVersion = 46;
	objects = {

/* Begin PBXBuildFile section */
		4681E04E1CCB30A500908C75 /* AppDelegate.swift in Sources */ = {isa = PBXBuildFile; fileRef = 4681E04D1CCB30A500908C75 /* AppDelegate.swift */; };
		4681E0501CCB30A500908C75 /* ViewController.swift in Sources */ = {isa = PBXBuildFile; fileRef = 4681E04F1CCB30A500908C75 /* ViewController.swift */; };
		4681E0531CCB30A500908C75 /* Main.storyboard in Resources */ = {isa = PBXBuildFile; fileRef = 4681E0511CCB30A500908C75 /* Main.storyboard */; };
		4681E0551CCB30A500908C75 /* Assets.xcassets in Resources */ = {isa = PBXBuildFile; fileRef = 4681E0541CCB30A500908C75 /* Assets.xcassets */; };
		4681E0581CCB30A500908C75 /* LaunchScreen.storyboard in Resources */ = {isa = PBXBuildFile; fileRef = 4681E0561CCB30A500908C75 /* LaunchScreen.storyboard */; };
		46FD18771CCB326E00A8A459 /* cat-video.gif in Resources */ = {isa = PBXBuildFile; fileRef = 46FD18761CCB326E00A8A459 /* cat-video.gif */; };
		63E01A2DFD761CAD1A6F2218 /* Pods_GifAnimation.framework in Frameworks */ = {isa = PBXBuildFile; fileRef = 2F06A869F50FEAC0088FFB64 /* Pods_GifAnimation.framework */; };
/* End PBXBuildFile section */

/* Begin PBXFileReference section */
		0306FB6BAFF7EE572555164E /* Pods-GifAnimation.debug.xcconfig */ = {isa = PBXFileReference; includeInIndex = 1; lastKnownFileType = text.xcconfig; name = "Pods-GifAnimation.debug.xcconfig"; path = "Pods/Target Support Files/Pods-GifAnimation/Pods-GifAnimation.debug.xcconfig"; sourceTree = "<group>"; };
		2F06A869F50FEAC0088FFB64 /* Pods_GifAnimation.framework */ = {isa = PBXFileReference; explicitFileType = wrapper.framework; includeInIndex = 0; path = Pods_GifAnimation.framework; sourceTree = BUILT_PRODUCTS_DIR; };
		4681E04A1CCB30A500908C75 /* GifAnimation.app */ = {isa = PBXFileReference; explicitFileType = wrapper.application; includeInIndex = 0; path = GifAnimation.app; sourceTree = BUILT_PRODUCTS_DIR; };
		4681E04D1CCB30A500908C75 /* AppDelegate.swift */ = {isa = PBXFileReference; lastKnownFileType = sourcecode.swift; path = AppDelegate.swift; sourceTree = "<group>"; };
		4681E04F1CCB30A500908C75 /* ViewController.swift */ = {isa = PBXFileReference; lastKnownFileType = sourcecode.swift; path = ViewController.swift; sourceTree = "<group>"; };
		4681E0521CCB30A500908C75 /* Base */ = {isa = PBXFileReference; lastKnownFileType = file.storyboard; name = Base; path = Base.lproj/Main.storyboard; sourceTree = "<group>"; };
		4681E0541CCB30A500908C75 /* Assets.xcassets */ = {isa = PBXFileReference; lastKnownFileType = folder.assetcatalog; path = Assets.xcassets; sourceTree = "<group>"; };
		4681E0571CCB30A500908C75 /* Base */ = {isa = PBXFileReference; lastKnownFileType = file.storyboard; name = Base; path = Base.lproj/LaunchScreen.storyboard; sourceTree = "<group>"; };
		4681E0591CCB30A500908C75 /* Info.plist */ = {isa = PBXFileReference; lastKnownFileType = text.plist.xml; path = Info.plist; sourceTree = "<group>"; };
		46FD18761CCB326E00A8A459 /* cat-video.gif */ = {isa = PBXFileReference; lastKnownFileType = image.gif; path = "cat-video.gif"; sourceTree = "<group>"; };
		870E6E5CF286D07088A80915 /* Pods-GifAnimation.release.xcconfig */ = {isa = PBXFileReference; includeInIndex = 1; lastKnownFileType = text.xcconfig; name = "Pods-GifAnimation.release.xcconfig"; path = "Pods/Target Support Files/Pods-GifAnimation/Pods-GifAnimation.release.xcconfig"; sourceTree = "<group>"; };
/* End PBXFileReference section */

/* Begin PBXFrameworksBuildPhase section */
		4681E0471CCB30A500908C75 /* Frameworks */ = {
			isa = PBXFrameworksBuildPhase;
			buildActionMask = 2147483647;
			files = (
				63E01A2DFD761CAD1A6F2218 /* Pods_GifAnimation.framework in Frameworks */,
			);
			runOnlyForDeploymentPostprocessing = 0;
		};
/* End PBXFrameworksBuildPhase section */

/* Begin PBXGroup section */
		12AD4FA17AF31DFE6F3EF48C /* Frameworks */ = {
			isa = PBXGroup;
			children = (
				2F06A869F50FEAC0088FFB64 /* Pods_GifAnimation.framework */,
			);
			name = Frameworks;
			sourceTree = "<group>";
		};
		463086941CD04BC5007163A0 /* Controllers */ = {
			isa = PBXGroup;
			children = (
				4681E04F1CCB30A500908C75 /* ViewController.swift */,
			);
			name = Controllers;
			sourceTree = "<group>";
		};
		463086951CD04BD4007163A0 /* Supporting Files */ = {
			isa = PBXGroup;
			children = (
				4681E0591CCB30A500908C75 /* Info.plist */,
				4681E0541CCB30A500908C75 /* Assets.xcassets */,
				46FD18761CCB326E00A8A459 /* cat-video.gif */,
			);
			name = "Supporting Files";
			sourceTree = "<group>";
		};
		4681E0411CCB30A500908C75 = {
			isa = PBXGroup;
			children = (
				4681E04C1CCB30A500908C75 /* GifAnimation */,
				4681E04B1CCB30A500908C75 /* Products */,
				A2EBB9A33F29F6434962CBA1 /* Pods */,
				12AD4FA17AF31DFE6F3EF48C /* Frameworks */,
			);
			sourceTree = "<group>";
		};
		4681E04B1CCB30A500908C75 /* Products */ = {
			isa = PBXGroup;
			children = (
				4681E04A1CCB30A500908C75 /* GifAnimation.app */,
			);
			name = Products;
			sourceTree = "<group>";
		};
		4681E04C1CCB30A500908C75 /* GifAnimation */ = {
			isa = PBXGroup;
			children = (
				4681E0511CCB30A500908C75 /* Main.storyboard */,
				4681E0561CCB30A500908C75 /* LaunchScreen.storyboard */,
				4681E04D1CCB30A500908C75 /* AppDelegate.swift */,
				463086941CD04BC5007163A0 /* Controllers */,
				463086951CD04BD4007163A0 /* Supporting Files */,
			);
			path = GifAnimation;
			sourceTree = "<group>";
		};
		A2EBB9A33F29F6434962CBA1 /* Pods */ = {
			isa = PBXGroup;
			children = (
				0306FB6BAFF7EE572555164E /* Pods-GifAnimation.debug.xcconfig */,
				870E6E5CF286D07088A80915 /* Pods-GifAnimation.release.xcconfig */,
			);
			name = Pods;
			sourceTree = "<group>";
		};
/* End PBXGroup section */

/* Begin PBXNativeTarget section */
		4681E0491CCB30A500908C75 /* GifAnimation */ = {
			isa = PBXNativeTarget;
			buildConfigurationList = 4681E05C1CCB30A500908C75 /* Build configuration list for PBXNativeTarget "GifAnimation" */;
			buildPhases = (
				1A15C3C57191B984B3C7C048 /* 📦 Check Pods Manifest.lock */,
				4681E0461CCB30A500908C75 /* Sources */,
				4681E0471CCB30A500908C75 /* Frameworks */,
				4681E0481CCB30A500908C75 /* Resources */,
				F457A48B0C66985DBE464F88 /* 📦 Embed Pods Frameworks */,
				6A99ECC1F5E9FDB4AEA4968D /* 📦 Copy Pods Resources */,
			);
			buildRules = (
			);
			dependencies = (
			);
			name = GifAnimation;
			productName = GifAnimation;
			productReference = 4681E04A1CCB30A500908C75 /* GifAnimation.app */;
			productType = "com.apple.product-type.application";
		};
/* End PBXNativeTarget section */

/* Begin PBXProject section */
		4681E0421CCB30A500908C75 /* Project object */ = {
			isa = PBXProject;
			attributes = {
				LastSwiftUpdateCheck = 0730;
				LastUpgradeCheck = 0730;
				ORGANIZATIONNAME = "Larry Natalicio";
				TargetAttributes = {
					4681E0491CCB30A500908C75 = {
						CreatedOnToolsVersion = 7.3;
					};
				};
			};
			buildConfigurationList = 4681E0451CCB30A500908C75 /* Build configuration list for PBXProject "GifAnimation" */;
			compatibilityVersion = "Xcode 3.2";
			developmentRegion = English;
			hasScannedForEncodings = 0;
			knownRegions = (
				en,
				Base,
			);
			mainGroup = 4681E0411CCB30A500908C75;
			productRefGroup = 4681E04B1CCB30A500908C75 /* Products */;
			projectDirPath = "";
			projectRoot = "";
			targets = (
				4681E0491CCB30A500908C75 /* GifAnimation */,
			);
		};
/* End PBXProject section */

/* Begin PBXResourcesBuildPhase section */
		4681E0481CCB30A500908C75 /* Resources */ = {
			isa = PBXResourcesBuildPhase;
			buildActionMask = 2147483647;
			files = (
				4681E0581CCB30A500908C75 /* LaunchScreen.storyboard in Resources */,
				46FD18771CCB326E00A8A459 /* cat-video.gif in Resources */,
				4681E0551CCB30A500908C75 /* Assets.xcassets in Resources */,
				4681E0531CCB30A500908C75 /* Main.storyboard in Resources */,
			);
			runOnlyForDeploymentPostprocessing = 0;
		};
/* End PBXResourcesBuildPhase section */

/* Begin PBXShellScriptBuildPhase section */
		1A15C3C57191B984B3C7C048 /* 📦 Check Pods Manifest.lock */ = {
			isa = PBXShellScriptBuildPhase;
			buildActionMask = 2147483647;
			files = (
			);
			inputPaths = (
			);
			name = "📦 Check Pods Manifest.lock";
			outputPaths = (
			);
			runOnlyForDeploymentPostprocessing = 0;
			shellPath = /bin/sh;
			shellScript = "diff \"${PODS_ROOT}/../Podfile.lock\" \"${PODS_ROOT}/Manifest.lock\" > /dev/null\nif [[ $? != 0 ]] ; then\n    cat << EOM\nerror: The sandbox is not in sync with the Podfile.lock. Run 'pod install' or update your CocoaPods installation.\nEOM\n    exit 1\nfi\n";
			showEnvVarsInLog = 0;
		};
		6A99ECC1F5E9FDB4AEA4968D /* 📦 Copy Pods Resources */ = {
			isa = PBXShellScriptBuildPhase;
			buildActionMask = 2147483647;
			files = (
			);
			inputPaths = (
			);
			name = "📦 Copy Pods Resources";
			outputPaths = (
			);
			runOnlyForDeploymentPostprocessing = 0;
			shellPath = /bin/sh;
			shellScript = "\"${SRCROOT}/Pods/Target Support Files/Pods-GifAnimation/Pods-GifAnimation-resources.sh\"\n";
			showEnvVarsInLog = 0;
		};
		F457A48B0C66985DBE464F88 /* 📦 Embed Pods Frameworks */ = {
			isa = PBXShellScriptBuildPhase;
			buildActionMask = 2147483647;
			files = (
			);
			inputPaths = (
			);
			name = "📦 Embed Pods Frameworks";
			outputPaths = (
			);
			runOnlyForDeploymentPostprocessing = 0;
			shellPath = /bin/sh;
			shellScript = "\"${SRCROOT}/Pods/Target Support Files/Pods-GifAnimation/Pods-GifAnimation-frameworks.sh\"\n";
			showEnvVarsInLog = 0;
		};
/* End PBXShellScriptBuildPhase section */

/* Begin PBXSourcesBuildPhase section */
		4681E0461CCB30A500908C75 /* Sources */ = {
			isa = PBXSourcesBuildPhase;
			buildActionMask = 2147483647;
			files = (
				4681E0501CCB30A500908C75 /* ViewController.swift in Sources */,
				4681E04E1CCB30A500908C75 /* AppDelegate.swift in Sources */,
			);
			runOnlyForDeploymentPostprocessing = 0;
		};
/* End PBXSourcesBuildPhase section */

/* Begin PBXVariantGroup section */
		4681E0511CCB30A500908C75 /* Main.storyboard */ = {
			isa = PBXVariantGroup;
			children = (
				4681E0521CCB30A500908C75 /* Base */,
			);
			name = Main.storyboard;
			sourceTree = "<group>";
		};
		4681E0561CCB30A500908C75 /* LaunchScreen.storyboard */ = {
			isa = PBXVariantGroup;
			children = (
				4681E0571CCB30A500908C75 /* Base */,
			);
			name = LaunchScreen.storyboard;
			sourceTree = "<group>";
		};
/* End PBXVariantGroup section */

/* Begin XCBuildConfiguration section */
		4681E05A1CCB30A500908C75 /* Debug */ = {
			isa = XCBuildConfiguration;
			buildSettings = {
				ALWAYS_SEARCH_USER_PATHS = NO;
				CLANG_ANALYZER_NONNULL = YES;
				CLANG_CXX_LANGUAGE_STANDARD = "gnu++0x";
				CLANG_CXX_LIBRARY = "libc++";
				CLANG_ENABLE_MODULES = YES;
				CLANG_ENABLE_OBJC_ARC = YES;
				CLANG_WARN_BOOL_CONVERSION = YES;
				CLANG_WARN_CONSTANT_CONVERSION = YES;
				CLANG_WARN_DIRECT_OBJC_ISA_USAGE = YES_ERROR;
				CLANG_WARN_EMPTY_BODY = YES;
				CLANG_WARN_ENUM_CONVERSION = YES;
				CLANG_WARN_INT_CONVERSION = YES;
				CLANG_WARN_OBJC_ROOT_CLASS = YES_ERROR;
				CLANG_WARN_UNREACHABLE_CODE = YES;
				CLANG_WARN__DUPLICATE_METHOD_MATCH = YES;
				"CODE_SIGN_IDENTITY[sdk=iphoneos*]" = "iPhone Developer";
				COPY_PHASE_STRIP = NO;
				DEBUG_INFORMATION_FORMAT = dwarf;
				ENABLE_STRICT_OBJC_MSGSEND = YES;
				ENABLE_TESTABILITY = YES;
				GCC_C_LANGUAGE_STANDARD = gnu99;
				GCC_DYNAMIC_NO_PIC = NO;
				GCC_NO_COMMON_BLOCKS = YES;
				GCC_OPTIMIZATION_LEVEL = 0;
				GCC_PREPROCESSOR_DEFINITIONS = (
					"DEBUG=1",
					"$(inherited)",
				);
				GCC_WARN_64_TO_32_BIT_CONVERSION = YES;
				GCC_WARN_ABOUT_RETURN_TYPE = YES_ERROR;
				GCC_WARN_UNDECLARED_SELECTOR = YES;
				GCC_WARN_UNINITIALIZED_AUTOS = YES_AGGRESSIVE;
				GCC_WARN_UNUSED_FUNCTION = YES;
				GCC_WARN_UNUSED_VARIABLE = YES;
				IPHONEOS_DEPLOYMENT_TARGET = 9.3;
				MTL_ENABLE_DEBUG_INFO = YES;
				ONLY_ACTIVE_ARCH = YES;
				SDKROOT = iphoneos;
				SWIFT_OPTIMIZATION_LEVEL = "-Onone";
				TARGETED_DEVICE_FAMILY = "1,2";
			};
			name = Debug;
		};
		4681E05B1CCB30A500908C75 /* Release */ = {
			isa = XCBuildConfiguration;
			buildSettings = {
				ALWAYS_SEARCH_USER_PATHS = NO;
				CLANG_ANALYZER_NONNULL = YES;
				CLANG_CXX_LANGUAGE_STANDARD = "gnu++0x";
				CLANG_CXX_LIBRARY = "libc++";
				CLANG_ENABLE_MODULES = YES;
				CLANG_ENABLE_OBJC_ARC = YES;
				CLANG_WARN_BOOL_CONVERSION = YES;
				CLANG_WARN_CONSTANT_CONVERSION = YES;
				CLANG_WARN_DIRECT_OBJC_ISA_USAGE = YES_ERROR;
				CLANG_WARN_EMPTY_BODY = YES;
				CLANG_WARN_ENUM_CONVERSION = YES;
				CLANG_WARN_INT_CONVERSION = YES;
				CLANG_WARN_OBJC_ROOT_CLASS = YES_ERROR;
				CLANG_WARN_UNREACHABLE_CODE = YES;
				CLANG_WARN__DUPLICATE_METHOD_MATCH = YES;
				"CODE_SIGN_IDENTITY[sdk=iphoneos*]" = "iPhone Developer";
				COPY_PHASE_STRIP = NO;
				DEBUG_INFORMATION_FORMAT = "dwarf-with-dsym";
				ENABLE_NS_ASSERTIONS = NO;
				ENABLE_STRICT_OBJC_MSGSEND = YES;
				GCC_C_LANGUAGE_STANDARD = gnu99;
				GCC_NO_COMMON_BLOCKS = YES;
				GCC_WARN_64_TO_32_BIT_CONVERSION = YES;
				GCC_WARN_ABOUT_RETURN_TYPE = YES_ERROR;
				GCC_WARN_UNDECLARED_SELECTOR = YES;
				GCC_WARN_UNINITIALIZED_AUTOS = YES_AGGRESSIVE;
				GCC_WARN_UNUSED_FUNCTION = YES;
				GCC_WARN_UNUSED_VARIABLE = YES;
				IPHONEOS_DEPLOYMENT_TARGET = 9.3;
				MTL_ENABLE_DEBUG_INFO = NO;
				SDKROOT = iphoneos;
				TARGETED_DEVICE_FAMILY = "1,2";
				VALIDATE_PRODUCT = YES;
			};
			name = Release;
		};
		4681E05D1CCB30A500908C75 /* Debug */ = {
			isa = XCBuildConfiguration;
			baseConfigurationReference = 0306FB6BAFF7EE572555164E /* Pods-GifAnimation.debug.xcconfig */;
			buildSettings = {
				ASSETCATALOG_COMPILER_APPICON_NAME = AppIcon;
				INFOPLIST_FILE = GifAnimation/Info.plist;
				IPHONEOS_DEPLOYMENT_TARGET = 9.0;
				LD_RUNPATH_SEARCH_PATHS = "$(inherited) @executable_path/Frameworks";
				PRODUCT_BUNDLE_IDENTIFIER = com.BraveNewLogic.GifAnimation;
				PRODUCT_NAME = "$(TARGET_NAME)";
			};
			name = Debug;
		};
		4681E05E1CCB30A500908C75 /* Release */ = {
			isa = XCBuildConfiguration;
			baseConfigurationReference = 870E6E5CF286D07088A80915 /* Pods-GifAnimation.release.xcconfig */;
			buildSettings = {
				ASSETCATALOG_COMPILER_APPICON_NAME = AppIcon;
				INFOPLIST_FILE = GifAnimation/Info.plist;
				IPHONEOS_DEPLOYMENT_TARGET = 9.0;
				LD_RUNPATH_SEARCH_PATHS = "$(inherited) @executable_path/Frameworks";
				PRODUCT_BUNDLE_IDENTIFIER = com.BraveNewLogic.GifAnimation;
				PRODUCT_NAME = "$(TARGET_NAME)";
			};
			name = Release;
		};
/* End XCBuildConfiguration section */

/* Begin XCConfigurationList section */
		4681E0451CCB30A500908C75 /* Build configuration list for PBXProject "GifAnimation" */ = {
			isa = XCConfigurationList;
			buildConfigurations = (
				4681E05A1CCB30A500908C75 /* Debug */,
				4681E05B1CCB30A500908C75 /* Release */,
			);
			defaultConfigurationIsVisible = 0;
			defaultConfigurationName = Release;
		};
		4681E05C1CCB30A500908C75 /* Build configuration list for PBXNativeTarget "GifAnimation" */ = {
			isa = XCConfigurationList;
			buildConfigurations = (
				4681E05D1CCB30A500908C75 /* Debug */,
				4681E05E1CCB30A500908C75 /* Release */,
			);
			defaultConfigurationIsVisible = 0;
			defaultConfigurationName = Release;
		};
/* End XCConfigurationList section */
	};
	rootObject = 4681E0421CCB30A500908C75 /* Project object */;
}
