// !$*UTF8*$!
{
	archiveVersion = 1;
	classes = {
	};
	objectVersion = 46;
	objects = {

/* Begin PBXBuildFile section */
		46F036071CC201C50041AFD7 /* AppDelegate.swift in Sources */ = {isa = PBXBuildFile; fileRef = 46F036061CC201C50041AFD7 /* AppDelegate.swift */; };
		46F036091CC201C50041AFD7 /* ViewController.swift in Sources */ = {isa = PBXBuildFile; fileRef = 46F036081CC201C50041AFD7 /* ViewController.swift */; };
		46F0360C1CC201C50041AFD7 /* Main.storyboard in Resources */ = {isa = PBXBuildFile; fileRef = 46F0360A1CC201C50041AFD7 /* Main.storyboard */; };
		46F0360E1CC201C50041AFD7 /* Assets.xcassets in Resources */ = {isa = PBXBuildFile; fileRef = 46F0360D1CC201C50041AFD7 /* Assets.xcassets */; };
		46F036111CC201C50041AFD7 /* LaunchScreen.storyboard in Resources */ = {isa = PBXBuildFile; fileRef = 46F0360F1CC201C50041AFD7 /* LaunchScreen.storyboard */; };
		46F036191CC202C30041AFD7 /* LoadingLabel.swift in Sources */ = {isa = PBXBuildFile; fileRef = 46F036181CC202C30041AFD7 /* LoadingLabel.swift */; };
/* End PBXBuildFile section */

/* Begin PBXFileReference section */
		46F036031CC201C50041AFD7 /* GradientAnimation.app */ = {isa = PBXFileReference; explicitFileType = wrapper.application; includeInIndex = 0; path = GradientAnimation.app; sourceTree = BUILT_PRODUCTS_DIR; };
		46F036061CC201C50041AFD7 /* AppDelegate.swift */ = {isa = PBXFileReference; lastKnownFileType = sourcecode.swift; path = AppDelegate.swift; sourceTree = "<group>"; };
		46F036081CC201C50041AFD7 /* ViewController.swift */ = {isa = PBXFileReference; lastKnownFileType = sourcecode.swift; path = ViewController.swift; sourceTree = "<group>"; };
		46F0360B1CC201C50041AFD7 /* Base */ = {isa = PBXFileReference; lastKnownFileType = file.storyboard; name = Base; path = Base.lproj/Main.storyboard; sourceTree = "<group>"; };
		46F0360D1CC201C50041AFD7 /* Assets.xcassets */ = {isa = PBXFileReference; lastKnownFileType = folder.assetcatalog; path = Assets.xcassets; sourceTree = "<group>"; };
		46F036101CC201C50041AFD7 /* Base */ = {isa = PBXFileReference; lastKnownFileType = file.storyboard; name = Base; path = Base.lproj/LaunchScreen.storyboard; sourceTree = "<group>"; };
		46F036121CC201C50041AFD7 /* Info.plist */ = {isa = PBXFileReference; lastKnownFileType = text.plist.xml; path = Info.plist; sourceTree = "<group>"; };
		46F036181CC202C30041AFD7 /* LoadingLabel.swift */ = {isa = PBXFileReference; fileEncoding = 4; lastKnownFileType = sourcecode.swift; path = LoadingLabel.swift; sourceTree = "<group>"; };
/* End PBXFileReference section */

/* Begin PBXFrameworksBuildPhase section */
		46F036001CC201C50041AFD7 /* Frameworks */ = {
			isa = PBXFrameworksBuildPhase;
			buildActionMask = 2147483647;
			files = (
			);
			runOnlyForDeploymentPostprocessing = 0;
		};
/* End PBXFrameworksBuildPhase section */

/* Begin PBXGroup section */
		463086911CD02815007163A0 /* Controllers */ = {
			isa = PBXGroup;
			children = (
				46F036081CC201C50041AFD7 /* ViewController.swift */,
			);
			name = Controllers;
			sourceTree = "<group>";
		};
		463086921CD0281D007163A0 /* Views */ = {
			isa = PBXGroup;
			children = (
				46F036181CC202C30041AFD7 /* LoadingLabel.swift */,
			);
			name = Views;
			sourceTree = "<group>";
		};
		463086931CD02834007163A0 /* Supporting Files */ = {
			isa = PBXGroup;
			children = (
				46F0360D1CC201C50041AFD7 /* Assets.xcassets */,
				46F036121CC201C50041AFD7 /* Info.plist */,
			);
			name = "Supporting Files";
			sourceTree = "<group>";
		};
		46F035FA1CC201C50041AFD7 = {
			isa = PBXGroup;
			children = (
				46F036051CC201C50041AFD7 /* GradientAnimation */,
				46F036041CC201C50041AFD7 /* Products */,
			);
			sourceTree = "<group>";
		};
		46F036041CC201C50041AFD7 /* Products */ = {
			isa = PBXGroup;
			children = (
				46F036031CC201C50041AFD7 /* GradientAnimation.app */,
			);
			name = Products;
			sourceTree = "<group>";
		};
		46F036051CC201C50041AFD7 /* GradientAnimation */ = {
			isa = PBXGroup;
			children = (
				46F0360A1CC201C50041AFD7 /* Main.storyboard */,
				46F0360F1CC201C50041AFD7 /* LaunchScreen.storyboard */,
				46F036061CC201C50041AFD7 /* AppDelegate.swift */,
				463086911CD02815007163A0 /* Controllers */,
				463086921CD0281D007163A0 /* Views */,
				463086931CD02834007163A0 /* Supporting Files */,
			);
			path = GradientAnimation;
			sourceTree = "<group>";
		};
/* End PBXGroup section */

/* Begin PBXNativeTarget section */
		46F036021CC201C50041AFD7 /* GradientAnimation */ = {
			isa = PBXNativeTarget;
			buildConfigurationList = 46F036151CC201C50041AFD7 /* Build configuration list for PBXNativeTarget "GradientAnimation" */;
			buildPhases = (
				46F035FF1CC201C50041AFD7 /* Sources */,
				46F036001CC201C50041AFD7 /* Frameworks */,
				46F036011CC201C50041AFD7 /* Resources */,
			);
			buildRules = (
			);
			dependencies = (
			);
			name = GradientAnimation;
			productName = GradientAnimation;
			productReference = 46F036031CC201C50041AFD7 /* GradientAnimation.app */;
			productType = "com.apple.product-type.application";
		};
/* End PBXNativeTarget section */

/* Begin PBXProject section */
		46F035FB1CC201C50041AFD7 /* Project object */ = {
			isa = PBXProject;
			attributes = {
				LastSwiftUpdateCheck = 0730;
				LastUpgradeCheck = 0730;
				ORGANIZATIONNAME = "Larry Natalicio";
				TargetAttributes = {
					46F036021CC201C50041AFD7 = {
						CreatedOnToolsVersion = 7.3;
						LastSwiftMigration = 0810;
					};
				};
			};
			buildConfigurationList = 46F035FE1CC201C50041AFD7 /* Build configuration list for PBXProject "GradientAnimation" */;
			compatibilityVersion = "Xcode 3.2";
			developmentRegion = English;
			hasScannedForEncodings = 0;
			knownRegions = (
				en,
				Base,
			);
			mainGroup = 46F035FA1CC201C50041AFD7;
			productRefGroup = 46F036041CC201C50041AFD7 /* Products */;
			projectDirPath = "";
			projectRoot = "";
			targets = (
				46F036021CC201C50041AFD7 /* GradientAnimation */,
			);
		};
/* End PBXProject section */

/* Begin PBXResourcesBuildPhase section */
		46F036011CC201C50041AFD7 /* Resources */ = {
			isa = PBXResourcesBuildPhase;
			buildActionMask = 2147483647;
			files = (
				46F036111CC201C50041AFD7 /* LaunchScreen.storyboard in Resources */,
				46F0360E1CC201C50041AFD7 /* Assets.xcassets in Resources */,
				46F0360C1CC201C50041AFD7 /* Main.storyboard in Resources */,
			);
			runOnlyForDeploymentPostprocessing = 0;
		};
/* End PBXResourcesBuildPhase section */

/* Begin PBXSourcesBuildPhase section */
		46F035FF1CC201C50041AFD7 /* Sources */ = {
			isa = PBXSourcesBuildPhase;
			buildActionMask = 2147483647;
			files = (
				46F036091CC201C50041AFD7 /* ViewController.swift in Sources */,
				46F036071CC201C50041AFD7 /* AppDelegate.swift in Sources */,
				46F036191CC202C30041AFD7 /* LoadingLabel.swift in Sources */,
			);
			runOnlyForDeploymentPostprocessing = 0;
		};
/* End PBXSourcesBuildPhase section */

/* Begin PBXVariantGroup section */
		46F0360A1CC201C50041AFD7 /* Main.storyboard */ = {
			isa = PBXVariantGroup;
			children = (
				46F0360B1CC201C50041AFD7 /* Base */,
			);
			name = Main.storyboard;
			sourceTree = "<group>";
		};
		46F0360F1CC201C50041AFD7 /* LaunchScreen.storyboard */ = {
			isa = PBXVariantGroup;
			children = (
				46F036101CC201C50041AFD7 /* Base */,
			);
			name = LaunchScreen.storyboard;
			sourceTree = "<group>";
		};
/* End PBXVariantGroup section */

/* Begin XCBuildConfiguration section */
		46F036131CC201C50041AFD7 /* Debug */ = {
			isa = XCBuildConfiguration;
			buildSettings = {
				ALWAYS_SEARCH_USER_PATHS = NO;
				CLANG_ANALYZER_NONNULL = YES;
				CLANG_CXX_LANGUAGE_STANDARD = "gnu++0x";
				CLANG_CXX_LIBRARY = "libc++";
				CLANG_ENABLE_MODULES = YES;
				CLANG_ENABLE_OBJC_ARC = YES;
				CLANG_WARN_BOOL_CONVERSION = YES;
				CLANG_WARN_CONSTANT_CONVERSION = YES;
				CLANG_WARN_DIRECT_OBJC_ISA_USAGE = YES_ERROR;
				CLANG_WARN_EMPTY_BODY = YES;
				CLANG_WARN_ENUM_CONVERSION = YES;
				CLANG_WARN_INT_CONVERSION = YES;
				CLANG_WARN_OBJC_ROOT_CLASS = YES_ERROR;
				CLANG_WARN_UNREACHABLE_CODE = YES;
				CLANG_WARN__DUPLICATE_METHOD_MATCH = YES;
				"CODE_SIGN_IDENTITY[sdk=iphoneos*]" = "iPhone Developer";
				COPY_PHASE_STRIP = NO;
				DEBUG_INFORMATION_FORMAT = dwarf;
				ENABLE_STRICT_OBJC_MSGSEND = YES;
				ENABLE_TESTABILITY = YES;
				GCC_C_LANGUAGE_STANDARD = gnu99;
				GCC_DYNAMIC_NO_PIC = NO;
				GCC_NO_COMMON_BLOCKS = YES;
				GCC_OPTIMIZATION_LEVEL = 0;
				GCC_PREPROCESSOR_DEFINITIONS = (
					"DEBUG=1",
					"$(inherited)",
				);
				GCC_WARN_64_TO_32_BIT_CONVERSION = YES;
				GCC_WARN_ABOUT_RETURN_TYPE = YES_ERROR;
				GCC_WARN_UNDECLARED_SELECTOR = YES;
				GCC_WARN_UNINITIALIZED_AUTOS = YES_AGGRESSIVE;
				GCC_WARN_UNUSED_FUNCTION = YES;
				GCC_WARN_UNUSED_VARIABLE = YES;
				IPHONEOS_DEPLOYMENT_TARGET = 9.3;
				MTL_ENABLE_DEBUG_INFO = YES;
				ONLY_ACTIVE_ARCH = YES;
				SDKROOT = iphoneos;
				SWIFT_OPTIMIZATION_LEVEL = "-Onone";
				TARGETED_DEVICE_FAMILY = "1,2";
			};
			name = Debug;
		};
		46F036141CC201C50041AFD7 /* Release */ = {
			isa = XCBuildConfiguration;
			buildSettings = {
				ALWAYS_SEARCH_USER_PATHS = NO;
				CLANG_ANALYZER_NONNULL = YES;
				CLANG_CXX_LANGUAGE_STANDARD = "gnu++0x";
				CLANG_CXX_LIBRARY = "libc++";
				CLANG_ENABLE_MODULES = YES;
				CLANG_ENABLE_OBJC_ARC = YES;
				CLANG_WARN_BOOL_CONVERSION = YES;
				CLANG_WARN_CONSTANT_CONVERSION = YES;
				CLANG_WARN_DIRECT_OBJC_ISA_USAGE = YES_ERROR;
				CLANG_WARN_EMPTY_BODY = YES;
				CLANG_WARN_ENUM_CONVERSION = YES;
				CLANG_WARN_INT_CONVERSION = YES;
				CLANG_WARN_OBJC_ROOT_CLASS = YES_ERROR;
				CLANG_WARN_UNREACHABLE_CODE = YES;
				CLANG_WARN__DUPLICATE_METHOD_MATCH = YES;
				"CODE_SIGN_IDENTITY[sdk=iphoneos*]" = "iPhone Developer";
				COPY_PHASE_STRIP = NO;
				DEBUG_INFORMATION_FORMAT = "dwarf-with-dsym";
				ENABLE_NS_ASSERTIONS = NO;
				ENABLE_STRICT_OBJC_MSGSEND = YES;
				GCC_C_LANGUAGE_STANDARD = gnu99;
				GCC_NO_COMMON_BLOCKS = YES;
				GCC_WARN_64_TO_32_BIT_CONVERSION = YES;
				GCC_WARN_ABOUT_RETURN_TYPE = YES_ERROR;
				GCC_WARN_UNDECLARED_SELECTOR = YES;
				GCC_WARN_UNINITIALIZED_AUTOS = YES_AGGRESSIVE;
				GCC_WARN_UNUSED_FUNCTION = YES;
				GCC_WARN_UNUSED_VARIABLE = YES;
				IPHONEOS_DEPLOYMENT_TARGET = 9.3;
				MTL_ENABLE_DEBUG_INFO = NO;
				SDKROOT = iphoneos;
				TARGETED_DEVICE_FAMILY = "1,2";
				VALIDATE_PRODUCT = YES;
			};
			name = Release;
		};
		46F036161CC201C50041AFD7 /* Debug */ = {
			isa = XCBuildConfiguration;
			buildSettings = {
				ASSETCATALOG_COMPILER_APPICON_NAME = AppIcon;
				INFOPLIST_FILE = GradientAnimation/Info.plist;
				IPHONEOS_DEPLOYMENT_TARGET = 9.0;
				LD_RUNPATH_SEARCH_PATHS = "$(inherited) @executable_path/Frameworks";
				PRODUCT_BUNDLE_IDENTIFIER = com.BraveNewLogic.GradientAnimation;
				PRODUCT_NAME = "$(TARGET_NAME)";
				SWIFT_VERSION = 3.0;
			};
			name = Debug;
		};
		46F036171CC201C50041AFD7 /* Release */ = {
			isa = XCBuildConfiguration;
			buildSettings = {
				ASSETCATALOG_COMPILER_APPICON_NAME = AppIcon;
				INFOPLIST_FILE = GradientAnimation/Info.plist;
				IPHONEOS_DEPLOYMENT_TARGET = 9.0;
				LD_RUNPATH_SEARCH_PATHS = "$(inherited) @executable_path/Frameworks";
				PRODUCT_BUNDLE_IDENTIFIER = com.BraveNewLogic.GradientAnimation;
				PRODUCT_NAME = "$(TARGET_NAME)";
				SWIFT_VERSION = 3.0;
			};
			name = Release;
		};
/* End XCBuildConfiguration section */

/* Begin XCConfigurationList section */
		46F035FE1CC201C50041AFD7 /* Build configuration list for PBXProject "GradientAnimation" */ = {
			isa = XCConfigurationList;
			buildConfigurations = (
				46F036131CC201C50041AFD7 /* Debug */,
				46F036141CC201C50041AFD7 /* Release */,
			);
			defaultConfigurationIsVisible = 0;
			defaultConfigurationName = Release;
		};
		46F036151CC201C50041AFD7 /* Build configuration list for PBXNativeTarget "GradientAnimation" */ = {
			isa = XCConfigurationList;
			buildConfigurations = (
				46F036161CC201C50041AFD7 /* Debug */,
				46F036171CC201C50041AFD7 /* Release */,
			);
			defaultConfigurationIsVisible = 0;
			defaultConfigurationName = Release;
		};
/* End XCConfigurationList section */
	};
	rootObject = 46F035FB1CC201C50041AFD7 /* Project object */;
}
